
Microsoft Visual Studio Solution File, Format Version 12.00
# Visual Studio 2013
VisualStudioVersion = 12.0.21005.1
MinimumVisualStudioVersion = 10.0.40219.1
Project("{FAE04EC0-301F-11D3-BF4B-00C04F79EFBC}") = "FabricAccuracyQuery", "FabricAccuracyQuery\FabricAccuracyQuery.csproj", "{65DF8D49-2C1E-4C1C-9340-9C9FDABEE3D0}"
EndProject
Project("{FAE04EC0-301F-11D3-BF4B-00C04F79EFBC}") = "CodedUITestProject1", "CodedUITestProject1\CodedUITestProject1.csproj", "{9AA903AC-D2CF-4065-AA94-972096253E39}"
EndProject
Global
	GlobalSection(SolutionConfigurationPlatforms) = preSolution
		Debug|Any CPU = Debug|Any CPU
		Release|Any CPU = Release|Any CPU
	EndGlobalSection
	GlobalSection(ProjectConfigurationPlatforms) = postSolution
		{65DF8D49-2C1E-4C1C-9340-9C9FDABEE3D0}.Debug|Any CPU.ActiveCfg = Debug|Any CPU
		{65DF8D49-2C1E-4C1C-9340-9C9FDABEE3D0}.Debug|Any CPU.Build.0 = Debug|Any CPU
		{65DF8D49-2C1E-4C1C-9340-9C9FDABEE3D0}.Release|Any CPU.ActiveCfg = Release|Any CPU
		{65DF8D49-2C1E-4C1C-9340-9C9FDABEE3D0}.Release|Any CPU.Build.0 = Release|Any CPU
		{9AA903AC-D2CF-4065-AA94-972096253E39}.Debug|Any CPU.ActiveCfg = Debug|Any CPU
		{9AA903AC-D2CF-4065-AA94-972096253E39}.Debug|Any CPU.Build.0 = Debug|Any CPU
		{9AA903AC-D2CF-4065-AA94-972096253E39}.Release|Any CPU.ActiveCfg = Release|Any CPU
		{9AA903AC-D2CF-4065-AA94-972096253E39}.Release|Any CPU.Build.0 = Release|Any CPU
	EndGlobalSection
	GlobalSection(SolutionProperties) = preSolution
		HideSolutionNode = FALSE
	EndGlobalSection
EndGlobal
